// !$*UTF8*$!
{
	archiveVersion = 1;
	classes = {
	};
	objectVersion = 56;
	objects = {

/* Begin PBXBuildFile section */
		3ACE44B92BE36ABA0041E818 /* AppDelegate.swift in Sources */ = {isa = PBXBuildFile; fileRef = 3ACE44B82BE36ABA0041E818 /* AppDelegate.swift */; };
		3ACE44BB2BE36ABA0041E818 /* SceneDelegate.swift in Sources */ = {isa = PBXBuildFile; fileRef = 3ACE44BA2BE36ABA0041E818 /* SceneDelegate.swift */; };
		3ACE44BD2BE36ABA0041E818 /* ViewController.swift in Sources */ = {isa = PBXBuildFile; fileRef = 3ACE44BC2BE36ABA0041E818 /* ViewController.swift */; };
		3ACE44C22BE36AC00041E818 /* Assets.xcassets in Resources */ = {isa = PBXBuildFile; fileRef = 3ACE44C12BE36AC00041E818 /* Assets.xcassets */; };
		3ACE44C52BE36AC00041E818 /* LaunchScreen.storyboard in Resources */ = {isa = PBXBuildFile; fileRef = 3ACE44C32BE36AC00041E818 /* LaunchScreen.storyboard */; };
		3ACE44CE2BE36ADB0041E818 /* MyLibraryAboutCats in Frameworks */ = {isa = PBXBuildFile; productRef = 3ACE44CD2BE36ADB0041E818 /* MyLibraryAboutCats */; };
		3ACE44D42BE37D3B0041E818 /* CustomCell.swift in Sources */ = {isa = PBXBuildFile; fileRef = 3ACE44D32BE37D3B0041E818 /* CustomCell.swift */; };
/* End PBXBuildFile section */

/* Begin PBXFileReference section */
		3ACE44B52BE36ABA0041E818 /* About_Cats_.app */ = {isa = PBXFileReference; explicitFileType = wrapper.application; includeInIndex = 0; path = About_Cats_.app; sourceTree = BUILT_PRODUCTS_DIR; };
		3ACE44B82BE36ABA0041E818 /* AppDelegate.swift */ = {isa = PBXFileReference; lastKnownFileType = sourcecode.swift; path = AppDelegate.swift; sourceTree = "<group>"; };
		3ACE44BA2BE36ABA0041E818 /* SceneDelegate.swift */ = {isa = PBXFileReference; lastKnownFileType = sourcecode.swift; path = SceneDelegate.swift; sourceTree = "<group>"; };
		3ACE44BC2BE36ABA0041E818 /* ViewController.swift */ = {isa = PBXFileReference; lastKnownFileType = sourcecode.swift; path = ViewController.swift; sourceTree = "<group>"; };
		3ACE44C12BE36AC00041E818 /* Assets.xcassets */ = {isa = PBXFileReference; lastKnownFileType = folder.assetcatalog; path = Assets.xcassets; sourceTree = "<group>"; };
		3ACE44C42BE36AC00041E818 /* Base */ = {isa = PBXFileReference; lastKnownFileType = file.storyboard; name = Base; path = Base.lproj/LaunchScreen.storyboard; sourceTree = "<group>"; };
		3ACE44C62BE36AC00041E818 /* Info.plist */ = {isa = PBXFileReference; lastKnownFileType = text.plist.xml; path = Info.plist; sourceTree = "<group>"; };
		3ACE44D32BE37D3B0041E818 /* CustomCell.swift */ = {isa = PBXFileReference; lastKnownFileType = sourcecode.swift; path = CustomCell.swift; sourceTree = "<group>"; };
/* End PBXFileReference section */

/* Begin PBXFrameworksBuildPhase section */
		3ACE44B22BE36ABA0041E818 /* Frameworks */ = {
			isa = PBXFrameworksBuildPhase;
			buildActionMask = 2147483647;
			files = (
				3ACE44CE2BE36ADB0041E818 /* MyLibraryAboutCats in Frameworks */,
			);
			runOnlyForDeploymentPostprocessing = 0;
		};
/* End PBXFrameworksBuildPhase section */

/* Begin PBXGroup section */
		3ACE44AC2BE36ABA0041E818 = {
			isa = PBXGroup;
			children = (
				3ACE44B72BE36ABA0041E818 /* About_Cats_ */,
				3ACE44B62BE36ABA0041E818 /* Products */,
			);
			sourceTree = "<group>";
		};
		3ACE44B62BE36ABA0041E818 /* Products */ = {
			isa = PBXGroup;
			children = (
				3ACE44B52BE36ABA0041E818 /* About_Cats_.app */,
			);
			name = Products;
			sourceTree = "<group>";
		};
		3ACE44B72BE36ABA0041E818 /* About_Cats_ */ = {
			isa = PBXGroup;
			children = (
				3ACE44D72BE44B230041E818 /* App */,
				3ACE44D82BE44B3E0041E818 /* ViewController */,
				3ACE44DA2BE44BB20041E818 /* Cell */,
				3ACE44D92BE44BA90041E818 /* Supporting */,
			);
			path = About_Cats_;
			sourceTree = "<group>";
		};
		3ACE44D72BE44B230041E818 /* App */ = {
			isa = PBXGroup;
			children = (
				3ACE44B82BE36ABA0041E818 /* AppDelegate.swift */,
				3ACE44BA2BE36ABA0041E818 /* SceneDelegate.swift */,
			);
			path = App;
			sourceTree = "<group>";
		};
		3ACE44D82BE44B3E0041E818 /* ViewController */ = {
			isa = PBXGroup;
			children = (
				3ACE44BC2BE36ABA0041E818 /* ViewController.swift */,
			);
			path = ViewController;
			sourceTree = "<group>";
		};
		3ACE44D92BE44BA90041E818 /* Supporting */ = {
			isa = PBXGroup;
			children = (
				3ACE44C12BE36AC00041E818 /* Assets.xcassets */,
				3ACE44C32BE36AC00041E818 /* LaunchScreen.storyboard */,
				3ACE44C62BE36AC00041E818 /* Info.plist */,
			);
			path = Supporting;
			sourceTree = "<group>";
		};
		3ACE44DA2BE44BB20041E818 /* Cell */ = {
			isa = PBXGroup;
			children = (
				3ACE44D32BE37D3B0041E818 /* CustomCell.swift */,
			);
			path = Cell;
			sourceTree = "<group>";
		};
/* End PBXGroup section */

/* Begin PBXNativeTarget section */
		3ACE44B42BE36ABA0041E818 /* About_Cats_ */ = {
			isa = PBXNativeTarget;
			buildConfigurationList = 3ACE44C92BE36AC00041E818 /* Build configuration list for PBXNativeTarget "About_Cats_" */;
			buildPhases = (
				3ACE44B12BE36ABA0041E818 /* Sources */,
				3ACE44B22BE36ABA0041E818 /* Frameworks */,
				3ACE44B32BE36ABA0041E818 /* Resources */,
			);
			buildRules = (
			);
			dependencies = (
			);
			name = About_Cats_;
			packageProductDependencies = (
				3ACE44CD2BE36ADB0041E818 /* MyLibraryAboutCats */,
			);
			productName = About_Cats_;
			productReference = 3ACE44B52BE36ABA0041E818 /* About_Cats_.app */;
			productType = "com.apple.product-type.application";
		};
/* End PBXNativeTarget section */

/* Begin PBXProject section */
		3ACE44AD2BE36ABA0041E818 /* Project object */ = {
			isa = PBXProject;
			attributes = {
				BuildIndependentTargetsInParallel = 1;
				LastSwiftUpdateCheck = 1420;
				LastUpgradeCheck = 1420;
				TargetAttributes = {
					3ACE44B42BE36ABA0041E818 = {
						CreatedOnToolsVersion = 14.2;
					};
				};
			};
			buildConfigurationList = 3ACE44B02BE36ABA0041E818 /* Build configuration list for PBXProject "About_Cats_" */;
			compatibilityVersion = "Xcode 14.0";
			developmentRegion = en;
			hasScannedForEncodings = 0;
			knownRegions = (
				en,
				Base,
			);
			mainGroup = 3ACE44AC2BE36ABA0041E818;
			packageReferences = (
				3ACE44CC2BE36ADB0041E818 /* XCRemoteSwiftPackageReference "MyLibraryAboutCats" */,
			);
			productRefGroup = 3ACE44B62BE36ABA0041E818 /* Products */;
			projectDirPath = "";
			projectRoot = "";
			targets = (
				3ACE44B42BE36ABA0041E818 /* About_Cats_ */,
			);
		};
/* End PBXProject section */

/* Begin PBXResourcesBuildPhase section */
		3ACE44B32BE36ABA0041E818 /* Resources */ = {
			isa = PBXResourcesBuildPhase;
			buildActionMask = 2147483647;
			files = (
				3ACE44C52BE36AC00041E818 /* LaunchScreen.storyboard in Resources */,
				3ACE44C22BE36AC00041E818 /* Assets.xcassets in Resources */,
			);
			runOnlyForDeploymentPostprocessing = 0;
		};
/* End PBXResourcesBuildPhase section */

/* Begin PBXSourcesBuildPhase section */
		3ACE44B12BE36ABA0041E818 /* Sources */ = {
			isa = PBXSourcesBuildPhase;
			buildActionMask = 2147483647;
			files = (
				3ACE44BD2BE36ABA0041E818 /* ViewController.swift in Sources */,
				3ACE44B92BE36ABA0041E818 /* AppDelegate.swift in Sources */,
				3ACE44D42BE37D3B0041E818 /* CustomCell.swift in Sources */,
				3ACE44BB2BE36ABA0041E818 /* SceneDelegate.swift in Sources */,
			);
			runOnlyForDeploymentPostprocessing = 0;
		};
/* End PBXSourcesBuildPhase section */

/* Begin PBXVariantGroup section */
		3ACE44C32BE36AC00041E818 /* LaunchScreen.storyboard */ = {
			isa = PBXVariantGroup;
			children = (
				3ACE44C42BE36AC00041E818 /* Base */,
			);
			name = LaunchScreen.storyboard;
			sourceTree = "<group>";
		};
/* End PBXVariantGroup section */

/* Begin XCBuildConfiguration section */
		3ACE44C72BE36AC00041E818 /* Debug */ = {
			isa = XCBuildConfiguration;
			buildSettings = {
				ALWAYS_SEARCH_USER_PATHS = NO;
				CLANG_ANALYZER_NONNULL = YES;
				CLANG_ANALYZER_NUMBER_OBJECT_CONVERSION = YES_AGGRESSIVE;
				CLANG_CXX_LANGUAGE_STANDARD = "gnu++20";
				CLANG_ENABLE_MODULES = YES;
				CLANG_ENABLE_OBJC_ARC = YES;
				CLANG_ENABLE_OBJC_WEAK = YES;
				CLANG_WARN_BLOCK_CAPTURE_AUTORELEASING = YES;
				CLANG_WARN_BOOL_CONVERSION = YES;
				CLANG_WARN_COMMA = YES;
				CLANG_WARN_CONSTANT_CONVERSION = YES;
				CLANG_WARN_DEPRECATED_OBJC_IMPLEMENTATIONS = YES;
				CLANG_WARN_DIRECT_OBJC_ISA_USAGE = YES_ERROR;
				CLANG_WARN_DOCUMENTATION_COMMENTS = YES;
				CLANG_WARN_EMPTY_BODY = YES;
				CLANG_WARN_ENUM_CONVERSION = YES;
				CLANG_WARN_INFINITE_RECURSION = YES;
				CLANG_WARN_INT_CONVERSION = YES;
				CLANG_WARN_NON_LITERAL_NULL_CONVERSION = YES;
				CLANG_WARN_OBJC_IMPLICIT_RETAIN_SELF = YES;
				CLANG_WARN_OBJC_LITERAL_CONVERSION = YES;
				CLANG_WARN_OBJC_ROOT_CLASS = YES_ERROR;
				CLANG_WARN_QUOTED_INCLUDE_IN_FRAMEWORK_HEADER = YES;
				CLANG_WARN_RANGE_LOOP_ANALYSIS = YES;
				CLANG_WARN_STRICT_PROTOTYPES = YES;
				CLANG_WARN_SUSPICIOUS_MOVE = YES;
				CLANG_WARN_UNGUARDED_AVAILABILITY = YES_AGGRESSIVE;
				CLANG_WARN_UNREACHABLE_CODE = YES;
				CLANG_WARN__DUPLICATE_METHOD_MATCH = YES;
				COPY_PHASE_STRIP = NO;
				DEBUG_INFORMATION_FORMAT = dwarf;
				ENABLE_STRICT_OBJC_MSGSEND = YES;
				ENABLE_TESTABILITY = YES;
				GCC_C_LANGUAGE_STANDARD = gnu11;
				GCC_DYNAMIC_NO_PIC = NO;
				GCC_NO_COMMON_BLOCKS = YES;
				GCC_OPTIMIZATION_LEVEL = 0;
				GCC_PREPROCESSOR_DEFINITIONS = (
					"DEBUG=1",
					"$(inherited)",
				);
				GCC_WARN_64_TO_32_BIT_CONVERSION = YES;
				GCC_WARN_ABOUT_RETURN_TYPE = YES_ERROR;
				GCC_WARN_UNDECLARED_SELECTOR = YES;
				GCC_WARN_UNINITIALIZED_AUTOS = YES_AGGRESSIVE;
				GCC_WARN_UNUSED_FUNCTION = YES;
				GCC_WARN_UNUSED_VARIABLE = YES;
				IPHONEOS_DEPLOYMENT_TARGET = 16.2;
				MTL_ENABLE_DEBUG_INFO = INCLUDE_SOURCE;
				MTL_FAST_MATH = YES;
				ONLY_ACTIVE_ARCH = YES;
				SDKROOT = iphoneos;
				SWIFT_ACTIVE_COMPILATION_CONDITIONS = DEBUG;
				SWIFT_OPTIMIZATION_LEVEL = "-Onone";
			};
			name = Debug;
		};
		3ACE44C82BE36AC00041E818 /* Release */ = {
			isa = XCBuildConfiguration;
			buildSettings = {
				ALWAYS_SEARCH_USER_PATHS = NO;
				CLANG_ANALYZER_NONNULL = YES;
				CLANG_ANALYZER_NUMBER_OBJECT_CONVERSION = YES_AGGRESSIVE;
				CLANG_CXX_LANGUAGE_STANDARD = "gnu++20";
				CLANG_ENABLE_MODULES = YES;
				CLANG_ENABLE_OBJC_ARC = YES;
				CLANG_ENABLE_OBJC_WEAK = YES;
				CLANG_WARN_BLOCK_CAPTURE_AUTORELEASING = YES;
				CLANG_WARN_BOOL_CONVERSION = YES;
				CLANG_WARN_COMMA = YES;
				CLANG_WARN_CONSTANT_CONVERSION = YES;
				CLANG_WARN_DEPRECATED_OBJC_IMPLEMENTATIONS = YES;
				CLANG_WARN_DIRECT_OBJC_ISA_USAGE = YES_ERROR;
				CLANG_WARN_DOCUMENTATION_COMMENTS = YES;
				CLANG_WARN_EMPTY_BODY = YES;
				CLANG_WARN_ENUM_CONVERSION = YES;
				CLANG_WARN_INFINITE_RECURSION = YES;
				CLANG_WARN_INT_CONVERSION = YES;
				CLANG_WARN_NON_LITERAL_NULL_CONVERSION = YES;
				CLANG_WARN_OBJC_IMPLICIT_RETAIN_SELF = YES;
				CLANG_WARN_OBJC_LITERAL_CONVERSION = YES;
				CLANG_WARN_OBJC_ROOT_CLASS = YES_ERROR;
				CLANG_WARN_QUOTED_INCLUDE_IN_FRAMEWORK_HEADER = YES;
				CLANG_WARN_RANGE_LOOP_ANALYSIS = YES;
				CLANG_WARN_STRICT_PROTOTYPES = YES;
				CLANG_WARN_SUSPICIOUS_MOVE = YES;
				CLANG_WARN_UNGUARDED_AVAILABILITY = YES_AGGRESSIVE;
				CLANG_WARN_UNREACHABLE_CODE = YES;
				CLANG_WARN__DUPLICATE_METHOD_MATCH = YES;
				COPY_PHASE_STRIP = NO;
				DEBUG_INFORMATION_FORMAT = "dwarf-with-dsym";
				ENABLE_NS_ASSERTIONS = NO;
				ENABLE_STRICT_OBJC_MSGSEND = YES;
				GCC_C_LANGUAGE_STANDARD = gnu11;
				GCC_NO_COMMON_BLOCKS = YES;
				GCC_WARN_64_TO_32_BIT_CONVERSION = YES;
				GCC_WARN_ABOUT_RETURN_TYPE = YES_ERROR;
				GCC_WARN_UNDECLARED_SELECTOR = YES;
				GCC_WARN_UNINITIALIZED_AUTOS = YES_AGGRESSIVE;
				GCC_WARN_UNUSED_FUNCTION = YES;
				GCC_WARN_UNUSED_VARIABLE = YES;
				IPHONEOS_DEPLOYMENT_TARGET = 16.2;
				MTL_ENABLE_DEBUG_INFO = NO;
				MTL_FAST_MATH = YES;
				SDKROOT = iphoneos;
				SWIFT_COMPILATION_MODE = wholemodule;
				SWIFT_OPTIMIZATION_LEVEL = "-O";
				VALIDATE_PRODUCT = YES;
			};
			name = Release;
		};
		3ACE44CA2BE36AC00041E818 /* Debug */ = {
			isa = XCBuildConfiguration;
			buildSettings = {
				ASSETCATALOG_COMPILER_APPICON_NAME = AppIcon;
				ASSETCATALOG_COMPILER_GLOBAL_ACCENT_COLOR_NAME = AccentColor;
				CODE_SIGN_STYLE = Automatic;
				CURRENT_PROJECT_VERSION = 1;
				GENERATE_INFOPLIST_FILE = YES;
				INFOPLIST_FILE = About_Cats_/Supporting/Info.plist;
				INFOPLIST_KEY_UIApplicationSupportsIndirectInputEvents = YES;
				INFOPLIST_KEY_UILaunchStoryboardName = LaunchScreen;
				INFOPLIST_KEY_UISupportedInterfaceOrientations_iPad = "UIInterfaceOrientationPortrait UIInterfaceOrientationPortraitUpsideDown UIInterfaceOrientationLandscapeLeft UIInterfaceOrientationLandscapeRight";
				INFOPLIST_KEY_UISupportedInterfaceOrientations_iPhone = "UIInterfaceOrientationPortrait UIInterfaceOrientationLandscapeLeft UIInterfaceOrientationLandscapeRight";
				LD_RUNPATH_SEARCH_PATHS = (
					"$(inherited)",
					"@executable_path/Frameworks",
				);
				MARKETING_VERSION = 1.0;
				PRODUCT_BUNDLE_IDENTIFIER = "-.About-Cats-";
				PRODUCT_NAME = "$(TARGET_NAME)";
				SWIFT_EMIT_LOC_STRINGS = YES;
				SWIFT_VERSION = 5.0;
				TARGETED_DEVICE_FAMILY = "1,2";
			};
			name = Debug;
		};
		3ACE44CB2BE36AC00041E818 /* Release */ = {
			isa = XCBuildConfiguration;
			buildSettings = {
				ASSETCATALOG_COMPILER_APPICON_NAME = AppIcon;
				ASSETCATALOG_COMPILER_GLOBAL_ACCENT_COLOR_NAME = AccentColor;
				CODE_SIGN_STYLE = Automatic;
				CURRENT_PROJECT_VERSION = 1;
				GENERATE_INFOPLIST_FILE = YES;
				INFOPLIST_FILE = About_Cats_/Supporting/Info.plist;
				INFOPLIST_KEY_UIApplicationSupportsIndirectInputEvents = YES;
				INFOPLIST_KEY_UILaunchStoryboardName = LaunchScreen;
				INFOPLIST_KEY_UISupportedInterfaceOrientations_iPad = "UIInterfaceOrientationPortrait UIInterfaceOrientationPortraitUpsideDown UIInterfaceOrientationLandscapeLeft UIInterfaceOrientationLandscapeRight";
				INFOPLIST_KEY_UISupportedInterfaceOrientations_iPhone = "UIInterfaceOrientationPortrait UIInterfaceOrientationLandscapeLeft UIInterfaceOrientationLandscapeRight";
				LD_RUNPATH_SEARCH_PATHS = (
					"$(inherited)",
					"@executable_path/Frameworks",
				);
				MARKETING_VERSION = 1.0;
				PRODUCT_BUNDLE_IDENTIFIER = "-.About-Cats-";
				PRODUCT_NAME = "$(TARGET_NAME)";
				SWIFT_EMIT_LOC_STRINGS = YES;
				SWIFT_VERSION = 5.0;
				TARGETED_DEVICE_FAMILY = "1,2";
			};
			name = Release;
		};
/* End XCBuildConfiguration section */

/* Begin XCConfigurationList section */
		3ACE44B02BE36ABA0041E818 /* Build configuration list for PBXProject "About_Cats_" */ = {
			isa = XCConfigurationList;
			buildConfigurations = (
				3ACE44C72BE36AC00041E818 /* Debug */,
				3ACE44C82BE36AC00041E818 /* Release */,
			);
			defaultConfigurationIsVisible = 0;
			defaultConfigurationName = Release;
		};
		3ACE44C92BE36AC00041E818 /* Build configuration list for PBXNativeTarget "About_Cats_" */ = {
			isa = XCConfigurationList;
			buildConfigurations = (
				3ACE44CA2BE36AC00041E818 /* Debug */,
				3ACE44CB2BE36AC00041E818 /* Release */,
			);
			defaultConfigurationIsVisible = 0;
			defaultConfigurationName = Release;
		};
/* End XCConfigurationList section */

/* Begin XCRemoteSwiftPackageReference section */
		3ACE44CC2BE36ADB0041E818 /* XCRemoteSwiftPackageReference "MyLibraryAboutCats" */ = {
			isa = XCRemoteSwiftPackageReference;
			repositoryURL = "https://github.com/vako03/MyLibraryAboutCats.git";
			requirement = {
				branch = main;
				kind = branch;
			};
		};
/* End XCRemoteSwiftPackageReference section */

/* Begin XCSwiftPackageProductDependency section */
		3ACE44CD2BE36ADB0041E818 /* MyLibraryAboutCats */ = {
			isa = XCSwiftPackageProductDependency;
			package = 3ACE44CC2BE36ADB0041E818 /* XCRemoteSwiftPackageReference "MyLibraryAboutCats" */;
			productName = MyLibraryAboutCats;
		};
/* End XCSwiftPackageProductDependency section */
	};
	rootObject = 3ACE44AD2BE36ABA0041E818 /* Project object */;
}
